{
  "name": "@mis-plugins/formal-spec-link-validator",
  "version": "0.1.0",
  "lockfileVersion": 3,
  "requires": true,
  "packages": {
    "": {
      "name": "@mis-plugins/formal-spec-link-validator",
      "version": "0.1.0",
      "license": "UNLICENSED",
      "bin": {
        "formal-spec-link-validator": "src/cli.js"
      },
      "engines": {
        "node": ">=18"
      }
    }
  }
}
